
Microsoft Visual Studio Solution File, Format Version 12.00
# Visual Studio Version 17
VisualStudioVersion = 17.6.33829.357
MinimumVisualStudioVersion = 10.0.40219.1
Project("{FAE04EC0-301F-11D3-BF4B-00C04F79EFBC}") = "BlogBlazor.Server", "BlogBlazor\Server\BlogBlazor.Server.csproj", "{773A1A2E-608B-427F-81D6-A9742F5C5B40}"
EndProject
Project("{FAE04EC0-301F-11D3-BF4B-00C04F79EFBC}") = "BlogBlazor.Client", "BlogBlazor\Client\BlogBlazor.Client.csproj", "{0E3181CD-B759-4D06-BB5F-8E00F2780F3E}"
EndProject
Project("{FAE04EC0-301F-11D3-BF4B-00C04F79EFBC}") = "BlogBlazor.Shared", "BlogBlazor\Shared\BlogBlazor.Shared.csproj", "{FDE4F574-28BF-4AF1-81FC-8A4B3721F0F8}"
EndProject
Global
	GlobalSection(SolutionConfigurationPlatforms) = preSolution
		Debug|Any CPU = Debug|Any CPU
		Release|Any CPU = Release|Any CPU
	EndGlobalSection
	GlobalSection(ProjectConfigurationPlatforms) = postSolution
		{773A1A2E-608B-427F-81D6-A9742F5C5B40}.Debug|Any CPU.ActiveCfg = Debug|Any CPU
		{773A1A2E-608B-427F-81D6-A9742F5C5B40}.Debug|Any CPU.Build.0 = Debug|Any CPU
		{773A1A2E-608B-427F-81D6-A9742F5C5B40}.Release|Any CPU.ActiveCfg = Release|Any CPU
		{773A1A2E-608B-427F-81D6-A9742F5C5B40}.Release|Any CPU.Build.0 = Release|Any CPU
		{0E3181CD-B759-4D06-BB5F-8E00F2780F3E}.Debug|Any CPU.ActiveCfg = Debug|Any CPU
		{0E3181CD-B759-4D06-BB5F-8E00F2780F3E}.Debug|Any CPU.Build.0 = Debug|Any CPU
		{0E3181CD-B759-4D06-BB5F-8E00F2780F3E}.Release|Any CPU.ActiveCfg = Release|Any CPU
		{0E3181CD-B759-4D06-BB5F-8E00F2780F3E}.Release|Any CPU.Build.0 = Release|Any CPU
		{FDE4F574-28BF-4AF1-81FC-8A4B3721F0F8}.Debug|Any CPU.ActiveCfg = Debug|Any CPU
		{FDE4F574-28BF-4AF1-81FC-8A4B3721F0F8}.Debug|Any CPU.Build.0 = Debug|Any CPU
		{FDE4F574-28BF-4AF1-81FC-8A4B3721F0F8}.Release|Any CPU.ActiveCfg = Release|Any CPU
		{FDE4F574-28BF-4AF1-81FC-8A4B3721F0F8}.Release|Any CPU.Build.0 = Release|Any CPU
	EndGlobalSection
	GlobalSection(SolutionProperties) = preSolution
		HideSolutionNode = FALSE
	EndGlobalSection
	GlobalSection(ExtensibilityGlobals) = postSolution
		SolutionGuid = {D32E16E1-4075-4BCC-88F1-209DCCA42773}
	EndGlobalSection
EndGlobal
