
Microsoft Visual Studio Solution File, Format Version 12.00
# Visual Studio Version 17
VisualStudioVersion = 17.5.002.0
MinimumVisualStudioVersion = 10.0.40219.1
Project("{9A19103F-16F7-4668-BE54-9A1E7A4F7556}") = "BlogBlazor.Client", "Client\BlogBlazor.Client.csproj", "{7FB94BCD-9A6B-4212-A7E9-C769DD6442AD}"
EndProject
Project("{9A19103F-16F7-4668-BE54-9A1E7A4F7556}") = "BlogBlazor.Server", "Server\BlogBlazor.Server.csproj", "{42CD00EE-4392-4962-8B63-A587E8BB454F}"
EndProject
Project("{9A19103F-16F7-4668-BE54-9A1E7A4F7556}") = "BlogBlazor.Shared", "Shared\BlogBlazor.Shared.csproj", "{A823BB32-9456-43CE-8300-FFE1FB94E178}"
EndProject
Project("{FAE04EC0-301F-11D3-BF4B-00C04F79EFBC}") = "SERVICE", "SERVICE\SERVICE.csproj", "{170BFD23-F5AE-4621-B094-EF0A4A8112A4}"
EndProject
Global
	GlobalSection(SolutionConfigurationPlatforms) = preSolution
		Debug|Any CPU = Debug|Any CPU
		Release|Any CPU = Release|Any CPU
	EndGlobalSection
	GlobalSection(ProjectConfigurationPlatforms) = postSolution
		{7FB94BCD-9A6B-4212-A7E9-C769DD6442AD}.Debug|Any CPU.ActiveCfg = Debug|Any CPU
		{7FB94BCD-9A6B-4212-A7E9-C769DD6442AD}.Debug|Any CPU.Build.0 = Debug|Any CPU
		{7FB94BCD-9A6B-4212-A7E9-C769DD6442AD}.Release|Any CPU.ActiveCfg = Release|Any CPU
		{7FB94BCD-9A6B-4212-A7E9-C769DD6442AD}.Release|Any CPU.Build.0 = Release|Any CPU
		{42CD00EE-4392-4962-8B63-A587E8BB454F}.Debug|Any CPU.ActiveCfg = Debug|Any CPU
		{42CD00EE-4392-4962-8B63-A587E8BB454F}.Debug|Any CPU.Build.0 = Debug|Any CPU
		{42CD00EE-4392-4962-8B63-A587E8BB454F}.Release|Any CPU.ActiveCfg = Release|Any CPU
		{42CD00EE-4392-4962-8B63-A587E8BB454F}.Release|Any CPU.Build.0 = Release|Any CPU
		{A823BB32-9456-43CE-8300-FFE1FB94E178}.Debug|Any CPU.ActiveCfg = Debug|Any CPU
		{A823BB32-9456-43CE-8300-FFE1FB94E178}.Debug|Any CPU.Build.0 = Debug|Any CPU
		{A823BB32-9456-43CE-8300-FFE1FB94E178}.Release|Any CPU.ActiveCfg = Release|Any CPU
		{A823BB32-9456-43CE-8300-FFE1FB94E178}.Release|Any CPU.Build.0 = Release|Any CPU
		{170BFD23-F5AE-4621-B094-EF0A4A8112A4}.Debug|Any CPU.ActiveCfg = Debug|Any CPU
		{170BFD23-F5AE-4621-B094-EF0A4A8112A4}.Debug|Any CPU.Build.0 = Debug|Any CPU
		{170BFD23-F5AE-4621-B094-EF0A4A8112A4}.Release|Any CPU.ActiveCfg = Release|Any CPU
		{170BFD23-F5AE-4621-B094-EF0A4A8112A4}.Release|Any CPU.Build.0 = Release|Any CPU
	EndGlobalSection
	GlobalSection(SolutionProperties) = preSolution
		HideSolutionNode = FALSE
	EndGlobalSection
	GlobalSection(ExtensibilityGlobals) = postSolution
		SolutionGuid = {2A558504-FDF2-4FED-A39C-435249F4CDF0}
	EndGlobalSection
EndGlobal
